
Microsoft Visual Studio Solution File, Format Version 12.00
# Visual Studio Version 17
VisualStudioVersion = 17.14.36518.9 d17.14
MinimumVisualStudioVersion = 10.0.40219.1
Project("{FAE04EC0-301F-11D3-BF4B-00C04F79EFBC}") = "NewProject", "NewProject.csproj", "{B5AB7E05-4E1F-4A09-A407-FA5D4D90C9B2}"
EndProject
Project("{FAE04EC0-301F-11D3-BF4B-00C04F79EFBC}") = "Application", "..\Application\Application.csproj", "{F85B2D02-631E-4E42-806D-E99525F5DB8F}"
EndProject
Project("{FAE04EC0-301F-11D3-BF4B-00C04F79EFBC}") = "Domain", "..\Domain\Domain.csproj", "{1749B47B-560A-49E1-A74D-C89254814A09}"
EndProject
Project("{FAE04EC0-301F-11D3-BF4B-00C04F79EFBC}") = "Infrastructure", "..\Infrastructure\Infrastructure.csproj", "{6BB3DBFF-3AA1-45A4-BD12-92120E1526C4}"
EndProject
Global
	GlobalSection(SolutionConfigurationPlatforms) = preSolution
		Debug|Any CPU = Debug|Any CPU
		Release|Any CPU = Release|Any CPU
	EndGlobalSection
	GlobalSection(ProjectConfigurationPlatforms) = postSolution
		{B5AB7E05-4E1F-4A09-A407-FA5D4D90C9B2}.Debug|Any CPU.ActiveCfg = Debug|Any CPU
		{B5AB7E05-4E1F-4A09-A407-FA5D4D90C9B2}.Debug|Any CPU.Build.0 = Debug|Any CPU
		{B5AB7E05-4E1F-4A09-A407-FA5D4D90C9B2}.Release|Any CPU.ActiveCfg = Release|Any CPU
		{B5AB7E05-4E1F-4A09-A407-FA5D4D90C9B2}.Release|Any CPU.Build.0 = Release|Any CPU
		{F85B2D02-631E-4E42-806D-E99525F5DB8F}.Debug|Any CPU.ActiveCfg = Debug|Any CPU
		{F85B2D02-631E-4E42-806D-E99525F5DB8F}.Debug|Any CPU.Build.0 = Debug|Any CPU
		{F85B2D02-631E-4E42-806D-E99525F5DB8F}.Release|Any CPU.ActiveCfg = Release|Any CPU
		{F85B2D02-631E-4E42-806D-E99525F5DB8F}.Release|Any CPU.Build.0 = Release|Any CPU
		{1749B47B-560A-49E1-A74D-C89254814A09}.Debug|Any CPU.ActiveCfg = Debug|Any CPU
		{1749B47B-560A-49E1-A74D-C89254814A09}.Debug|Any CPU.Build.0 = Debug|Any CPU
		{1749B47B-560A-49E1-A74D-C89254814A09}.Release|Any CPU.ActiveCfg = Release|Any CPU
		{1749B47B-560A-49E1-A74D-C89254814A09}.Release|Any CPU.Build.0 = Release|Any CPU
		{6BB3DBFF-3AA1-45A4-BD12-92120E1526C4}.Debug|Any CPU.ActiveCfg = Debug|Any CPU
		{6BB3DBFF-3AA1-45A4-BD12-92120E1526C4}.Debug|Any CPU.Build.0 = Debug|Any CPU
		{6BB3DBFF-3AA1-45A4-BD12-92120E1526C4}.Release|Any CPU.ActiveCfg = Release|Any CPU
		{6BB3DBFF-3AA1-45A4-BD12-92120E1526C4}.Release|Any CPU.Build.0 = Release|Any CPU
	EndGlobalSection
	GlobalSection(SolutionProperties) = preSolution
		HideSolutionNode = FALSE
	EndGlobalSection
	GlobalSection(ExtensibilityGlobals) = postSolution
		SolutionGuid = {F157AD85-7236-4317-8344-2EE4DE216185}
	EndGlobalSection
EndGlobal
